// !$*UTF8*$!
{
	archiveVersion = 1;
	classes = {
	};
	objectVersion = 56;
	objects = {

/* Begin PBXBuildFile section */
		2702ECC628FFF7E500DA63C0 /* MyAssetsApp.swift in Sources */ = {isa = PBXBuildFile; fileRef = 2702ECC528FFF7E500DA63C0 /* MyAssetsApp.swift */; };
		2702ECC828FFF7E500DA63C0 /* ContentView.swift in Sources */ = {isa = PBXBuildFile; fileRef = 2702ECC728FFF7E500DA63C0 /* ContentView.swift */; };
		2702ECCA28FFF7E600DA63C0 /* Assets.xcassets in Resources */ = {isa = PBXBuildFile; fileRef = 2702ECC928FFF7E600DA63C0 /* Assets.xcassets */; };
		2702ECCD28FFF7E600DA63C0 /* Preview Assets.xcassets in Resources */ = {isa = PBXBuildFile; fileRef = 2702ECCC28FFF7E600DA63C0 /* Preview Assets.xcassets */; };
		275665D6292C991A004A1018 /* NavigationBarWithButton.swift in Sources */ = {isa = PBXBuildFile; fileRef = 275665D5292C991A004A1018 /* NavigationBarWithButton.swift */; };
		27F0A805292DFC9A005051AA /* AssetMenu.swift in Sources */ = {isa = PBXBuildFile; fileRef = 27F0A804292DFC9A005051AA /* AssetMenu.swift */; };
		27F0A80A292E0D71005051AA /* AssetMenuGridView.swift in Sources */ = {isa = PBXBuildFile; fileRef = 27F0A809292E0D71005051AA /* AssetMenuGridView.swift */; };
		27F0A80D292E0DAB005051AA /* AssetMenuButtonStyle.swift in Sources */ = {isa = PBXBuildFile; fileRef = 27F0A80C292E0DAB005051AA /* AssetMenuButtonStyle.swift */; };
		27F0A80F292E0DD8005051AA /* AssetView.swift in Sources */ = {isa = PBXBuildFile; fileRef = 27F0A80E292E0DD8005051AA /* AssetView.swift */; };
		27F0A812292E0ECD005051AA /* AssetBanner.swift in Sources */ = {isa = PBXBuildFile; fileRef = 27F0A811292E0ECD005051AA /* AssetBanner.swift */; };
		27F0A814292E0EE3005051AA /* AssetBannerView.swift in Sources */ = {isa = PBXBuildFile; fileRef = 27F0A813292E0EE3005051AA /* AssetBannerView.swift */; };
		27F0A817292E0F81005051AA /* BannerCard.swift in Sources */ = {isa = PBXBuildFile; fileRef = 27F0A816292E0F81005051AA /* BannerCard.swift */; };
		27F0A819292E1034005051AA /* PageViewController.swift in Sources */ = {isa = PBXBuildFile; fileRef = 27F0A818292E1034005051AA /* PageViewController.swift */; };
		27F0A81B292E11D3005051AA /* PageControll.swift in Sources */ = {isa = PBXBuildFile; fileRef = 27F0A81A292E11D3005051AA /* PageControll.swift */; };
		27F0A81E292E1360005051AA /* assets.json in Resources */ = {isa = PBXBuildFile; fileRef = 27F0A81D292E1360005051AA /* assets.json */; };
		27F0A820292E1419005051AA /* AssetSummaryData.swift in Sources */ = {isa = PBXBuildFile; fileRef = 27F0A81F292E1419005051AA /* AssetSummaryData.swift */; };
		27F0A823292E14DB005051AA /* AssetSectionHeaderView.swift in Sources */ = {isa = PBXBuildFile; fileRef = 27F0A822292E14DB005051AA /* AssetSectionHeaderView.swift */; };
		27F0A825292E14FB005051AA /* AssetSectionView.swift in Sources */ = {isa = PBXBuildFile; fileRef = 27F0A824292E14FB005051AA /* AssetSectionView.swift */; };
		27F0A827292E15B0005051AA /* AssetSummaryView.swift in Sources */ = {isa = PBXBuildFile; fileRef = 27F0A826292E15B0005051AA /* AssetSummaryView.swift */; };
		27F0A829292E163F005051AA /* AssetCardSectionView.swift in Sources */ = {isa = PBXBuildFile; fileRef = 27F0A828292E163F005051AA /* AssetCardSectionView.swift */; };
		27F0A82B292E1663005051AA /* TabMenuView.swift in Sources */ = {isa = PBXBuildFile; fileRef = 27F0A82A292E1663005051AA /* TabMenuView.swift */; };
/* End PBXBuildFile section */

/* Begin PBXFileReference section */
		2702ECC228FFF7E500DA63C0 /* MyAssets.app */ = {isa = PBXFileReference; explicitFileType = wrapper.application; includeInIndex = 0; path = MyAssets.app; sourceTree = BUILT_PRODUCTS_DIR; };
		2702ECC528FFF7E500DA63C0 /* MyAssetsApp.swift */ = {isa = PBXFileReference; lastKnownFileType = sourcecode.swift; path = MyAssetsApp.swift; sourceTree = "<group>"; };
		2702ECC728FFF7E500DA63C0 /* ContentView.swift */ = {isa = PBXFileReference; lastKnownFileType = sourcecode.swift; path = ContentView.swift; sourceTree = "<group>"; };
		2702ECC928FFF7E600DA63C0 /* Assets.xcassets */ = {isa = PBXFileReference; lastKnownFileType = folder.assetcatalog; path = Assets.xcassets; sourceTree = "<group>"; };
		2702ECCC28FFF7E600DA63C0 /* Preview Assets.xcassets */ = {isa = PBXFileReference; lastKnownFileType = folder.assetcatalog; path = "Preview Assets.xcassets"; sourceTree = "<group>"; };
		2702ECD328FFFA1E00DA63C0 /* Info.plist */ = {isa = PBXFileReference; lastKnownFileType = text.plist; path = Info.plist; sourceTree = "<group>"; };
		275665D5292C991A004A1018 /* NavigationBarWithButton.swift */ = {isa = PBXFileReference; lastKnownFileType = sourcecode.swift; path = NavigationBarWithButton.swift; sourceTree = "<group>"; };
		27F0A804292DFC9A005051AA /* AssetMenu.swift */ = {isa = PBXFileReference; lastKnownFileType = sourcecode.swift; path = AssetMenu.swift; sourceTree = "<group>"; };
		27F0A809292E0D71005051AA /* AssetMenuGridView.swift */ = {isa = PBXFileReference; lastKnownFileType = sourcecode.swift; path = AssetMenuGridView.swift; sourceTree = "<group>"; };
		27F0A80C292E0DAB005051AA /* AssetMenuButtonStyle.swift */ = {isa = PBXFileReference; lastKnownFileType = sourcecode.swift; path = AssetMenuButtonStyle.swift; sourceTree = "<group>"; };
		27F0A80E292E0DD8005051AA /* AssetView.swift */ = {isa = PBXFileReference; lastKnownFileType = sourcecode.swift; path = AssetView.swift; sourceTree = "<group>"; };
		27F0A811292E0ECD005051AA /* AssetBanner.swift */ = {isa = PBXFileReference; lastKnownFileType = sourcecode.swift; path = AssetBanner.swift; sourceTree = "<group>"; };
		27F0A813292E0EE3005051AA /* AssetBannerView.swift */ = {isa = PBXFileReference; lastKnownFileType = sourcecode.swift; path = AssetBannerView.swift; sourceTree = "<group>"; };
		27F0A816292E0F81005051AA /* BannerCard.swift */ = {isa = PBXFileReference; lastKnownFileType = sourcecode.swift; path = BannerCard.swift; sourceTree = "<group>"; };
		27F0A818292E1034005051AA /* PageViewController.swift */ = {isa = PBXFileReference; lastKnownFileType = sourcecode.swift; path = PageViewController.swift; sourceTree = "<group>"; };
		27F0A81A292E11D3005051AA /* PageControll.swift */ = {isa = PBXFileReference; lastKnownFileType = sourcecode.swift; path = PageControll.swift; sourceTree = "<group>"; };
		27F0A81D292E1360005051AA /* assets.json */ = {isa = PBXFileReference; fileEncoding = 4; lastKnownFileType = text.json; path = assets.json; sourceTree = "<group>"; };
		27F0A81F292E1419005051AA /* AssetSummaryData.swift */ = {isa = PBXFileReference; lastKnownFileType = sourcecode.swift; path = AssetSummaryData.swift; sourceTree = "<group>"; };
		27F0A822292E14DB005051AA /* AssetSectionHeaderView.swift */ = {isa = PBXFileReference; lastKnownFileType = sourcecode.swift; path = AssetSectionHeaderView.swift; sourceTree = "<group>"; };
		27F0A824292E14FB005051AA /* AssetSectionView.swift */ = {isa = PBXFileReference; lastKnownFileType = sourcecode.swift; path = AssetSectionView.swift; sourceTree = "<group>"; };
		27F0A826292E15B0005051AA /* AssetSummaryView.swift */ = {isa = PBXFileReference; lastKnownFileType = sourcecode.swift; path = AssetSummaryView.swift; sourceTree = "<group>"; };
		27F0A828292E163F005051AA /* AssetCardSectionView.swift */ = {isa = PBXFileReference; lastKnownFileType = sourcecode.swift; path = AssetCardSectionView.swift; sourceTree = "<group>"; };
		27F0A82A292E1663005051AA /* TabMenuView.swift */ = {isa = PBXFileReference; lastKnownFileType = sourcecode.swift; path = TabMenuView.swift; sourceTree = "<group>"; };
/* End PBXFileReference section */

/* Begin PBXFrameworksBuildPhase section */
		2702ECBF28FFF7E500DA63C0 /* Frameworks */ = {
			isa = PBXFrameworksBuildPhase;
			buildActionMask = 2147483647;
			files = (
			);
			runOnlyForDeploymentPostprocessing = 0;
		};
/* End PBXFrameworksBuildPhase section */

/* Begin PBXGroup section */
		2702ECB928FFF7E500DA63C0 = {
			isa = PBXGroup;
			children = (
				2702ECC428FFF7E500DA63C0 /* MyAssets */,
				2702ECC328FFF7E500DA63C0 /* Products */,
			);
			sourceTree = "<group>";
		};
		2702ECC328FFF7E500DA63C0 /* Products */ = {
			isa = PBXGroup;
			children = (
				2702ECC228FFF7E500DA63C0 /* MyAssets.app */,
			);
			name = Products;
			sourceTree = "<group>";
		};
		2702ECC428FFF7E500DA63C0 /* MyAssets */ = {
			isa = PBXGroup;
			children = (
				275665D4292C98EA004A1018 /* Asset */,
				2702ECD328FFFA1E00DA63C0 /* Info.plist */,
				2702ECC528FFF7E500DA63C0 /* MyAssetsApp.swift */,
				2702ECC728FFF7E500DA63C0 /* ContentView.swift */,
				2702ECC928FFF7E600DA63C0 /* Assets.xcassets */,
				2702ECCB28FFF7E600DA63C0 /* Preview Content */,
				27F0A818292E1034005051AA /* PageViewController.swift */,
				27F0A81A292E11D3005051AA /* PageControll.swift */,
			);
			path = MyAssets;
			sourceTree = "<group>";
		};
		2702ECCB28FFF7E600DA63C0 /* Preview Content */ = {
			isa = PBXGroup;
			children = (
				2702ECCC28FFF7E600DA63C0 /* Preview Assets.xcassets */,
			);
			path = "Preview Content";
			sourceTree = "<group>";
		};
		275665D4292C98EA004A1018 /* Asset */ = {
			isa = PBXGroup;
			children = (
				27F0A806292E0D18005051AA /* SubComponents */,
				27F0A804292DFC9A005051AA /* AssetMenu.swift */,
				27F0A80E292E0DD8005051AA /* AssetView.swift */,
			);
			path = Asset;
			sourceTree = "<group>";
		};
		27F0A806292E0D18005051AA /* SubComponents */ = {
			isa = PBXGroup;
			children = (
				27F0A81C292E1349005051AA /* SummaryView */,
				27F0A810292E0EAD005051AA /* BannerView */,
				27F0A808292E0D53005051AA /* MenuGridView */,
				27F0A807292E0D2E005051AA /* NavigationBar */,
			);
			path = SubComponents;
			sourceTree = "<group>";
		};
		27F0A807292E0D2E005051AA /* NavigationBar */ = {
			isa = PBXGroup;
			children = (
				275665D5292C991A004A1018 /* NavigationBarWithButton.swift */,
			);
			path = NavigationBar;
			sourceTree = "<group>";
		};
		27F0A808292E0D53005051AA /* MenuGridView */ = {
			isa = PBXGroup;
			children = (
				27F0A80B292E0D8C005051AA /* SubComponents */,
				27F0A809292E0D71005051AA /* AssetMenuGridView.swift */,
			);
			path = MenuGridView;
			sourceTree = "<group>";
		};
		27F0A80B292E0D8C005051AA /* SubComponents */ = {
			isa = PBXGroup;
			children = (
				27F0A80C292E0DAB005051AA /* AssetMenuButtonStyle.swift */,
			);
			path = SubComponents;
			sourceTree = "<group>";
		};
		27F0A810292E0EAD005051AA /* BannerView */ = {
			isa = PBXGroup;
			children = (
				27F0A815292E0F70005051AA /* SubComponents */,
				27F0A811292E0ECD005051AA /* AssetBanner.swift */,
				27F0A813292E0EE3005051AA /* AssetBannerView.swift */,
			);
			path = BannerView;
			sourceTree = "<group>";
		};
		27F0A815292E0F70005051AA /* SubComponents */ = {
			isa = PBXGroup;
			children = (
				27F0A816292E0F81005051AA /* BannerCard.swift */,
			);
			path = SubComponents;
			sourceTree = "<group>";
		};
		27F0A81C292E1349005051AA /* SummaryView */ = {
			isa = PBXGroup;
			children = (
				27F0A821292E14BB005051AA /* SubComponents */,
				27F0A81D292E1360005051AA /* assets.json */,
				27F0A81F292E1419005051AA /* AssetSummaryData.swift */,
				27F0A826292E15B0005051AA /* AssetSummaryView.swift */,
			);
			path = SummaryView;
			sourceTree = "<group>";
		};
		27F0A821292E14BB005051AA /* SubComponents */ = {
			isa = PBXGroup;
			children = (
				27F0A822292E14DB005051AA /* AssetSectionHeaderView.swift */,
				27F0A824292E14FB005051AA /* AssetSectionView.swift */,
				27F0A828292E163F005051AA /* AssetCardSectionView.swift */,
				27F0A82A292E1663005051AA /* TabMenuView.swift */,
			);
			path = SubComponents;
			sourceTree = "<group>";
		};
/* End PBXGroup section */

/* Begin PBXNativeTarget section */
		2702ECC128FFF7E500DA63C0 /* MyAssets */ = {
			isa = PBXNativeTarget;
			buildConfigurationList = 2702ECD028FFF7E600DA63C0 /* Build configuration list for PBXNativeTarget "MyAssets" */;
			buildPhases = (
				2702ECBE28FFF7E500DA63C0 /* Sources */,
				2702ECBF28FFF7E500DA63C0 /* Frameworks */,
				2702ECC028FFF7E500DA63C0 /* Resources */,
			);
			buildRules = (
			);
			dependencies = (
			);
			name = MyAssets;
			productName = MyAssets;
			productReference = 2702ECC228FFF7E500DA63C0 /* MyAssets.app */;
			productType = "com.apple.product-type.application";
		};
/* End PBXNativeTarget section */

/* Begin PBXProject section */
		2702ECBA28FFF7E500DA63C0 /* Project object */ = {
			isa = PBXProject;
			attributes = {
				BuildIndependentTargetsInParallel = 1;
				LastSwiftUpdateCheck = 1400;
				LastUpgradeCheck = 1400;
				TargetAttributes = {
					2702ECC128FFF7E500DA63C0 = {
						CreatedOnToolsVersion = 14.0.1;
					};
				};
			};
			buildConfigurationList = 2702ECBD28FFF7E500DA63C0 /* Build configuration list for PBXProject "MyAssets" */;
			compatibilityVersion = "Xcode 14.0";
			developmentRegion = en;
			hasScannedForEncodings = 0;
			knownRegions = (
				en,
				Base,
			);
			mainGroup = 2702ECB928FFF7E500DA63C0;
			productRefGroup = 2702ECC328FFF7E500DA63C0 /* Products */;
			projectDirPath = "";
			projectRoot = "";
			targets = (
				2702ECC128FFF7E500DA63C0 /* MyAssets */,
			);
		};
/* End PBXProject section */

/* Begin PBXResourcesBuildPhase section */
		2702ECC028FFF7E500DA63C0 /* Resources */ = {
			isa = PBXResourcesBuildPhase;
			buildActionMask = 2147483647;
			files = (
				27F0A81E292E1360005051AA /* assets.json in Resources */,
				2702ECCD28FFF7E600DA63C0 /* Preview Assets.xcassets in Resources */,
				2702ECCA28FFF7E600DA63C0 /* Assets.xcassets in Resources */,
			);
			runOnlyForDeploymentPostprocessing = 0;
		};
/* End PBXResourcesBuildPhase section */

/* Begin PBXSourcesBuildPhase section */
		2702ECBE28FFF7E500DA63C0 /* Sources */ = {
			isa = PBXSourcesBuildPhase;
			buildActionMask = 2147483647;
			files = (
				27F0A80A292E0D71005051AA /* AssetMenuGridView.swift in Sources */,
				275665D6292C991A004A1018 /* NavigationBarWithButton.swift in Sources */,
				27F0A829292E163F005051AA /* AssetCardSectionView.swift in Sources */,
				27F0A819292E1034005051AA /* PageViewController.swift in Sources */,
				27F0A81B292E11D3005051AA /* PageControll.swift in Sources */,
				27F0A812292E0ECD005051AA /* AssetBanner.swift in Sources */,
				27F0A80F292E0DD8005051AA /* AssetView.swift in Sources */,
				2702ECC828FFF7E500DA63C0 /* ContentView.swift in Sources */,
				2702ECC628FFF7E500DA63C0 /* MyAssetsApp.swift in Sources */,
				27F0A823292E14DB005051AA /* AssetSectionHeaderView.swift in Sources */,
				27F0A825292E14FB005051AA /* AssetSectionView.swift in Sources */,
				27F0A82B292E1663005051AA /* TabMenuView.swift in Sources */,
				27F0A827292E15B0005051AA /* AssetSummaryView.swift in Sources */,
				27F0A820292E1419005051AA /* AssetSummaryData.swift in Sources */,
				27F0A814292E0EE3005051AA /* AssetBannerView.swift in Sources */,
				27F0A817292E0F81005051AA /* BannerCard.swift in Sources */,
				27F0A805292DFC9A005051AA /* AssetMenu.swift in Sources */,
				27F0A80D292E0DAB005051AA /* AssetMenuButtonStyle.swift in Sources */,
			);
			runOnlyForDeploymentPostprocessing = 0;
		};
/* End PBXSourcesBuildPhase section */

/* Begin XCBuildConfiguration section */
		2702ECCE28FFF7E600DA63C0 /* Debug */ = {
			isa = XCBuildConfiguration;
			buildSettings = {
				ALWAYS_SEARCH_USER_PATHS = NO;
				CLANG_ANALYZER_NONNULL = YES;
				CLANG_ANALYZER_NUMBER_OBJECT_CONVERSION = YES_AGGRESSIVE;
				CLANG_CXX_LANGUAGE_STANDARD = "gnu++20";
				CLANG_ENABLE_MODULES = YES;
				CLANG_ENABLE_OBJC_ARC = YES;
				CLANG_ENABLE_OBJC_WEAK = YES;
				CLANG_WARN_BLOCK_CAPTURE_AUTORELEASING = YES;
				CLANG_WARN_BOOL_CONVERSION = YES;
				CLANG_WARN_COMMA = YES;
				CLANG_WARN_CONSTANT_CONVERSION = YES;
				CLANG_WARN_DEPRECATED_OBJC_IMPLEMENTATIONS = YES;
				CLANG_WARN_DIRECT_OBJC_ISA_USAGE = YES_ERROR;
				CLANG_WARN_DOCUMENTATION_COMMENTS = YES;
				CLANG_WARN_EMPTY_BODY = YES;
				CLANG_WARN_ENUM_CONVERSION = YES;
				CLANG_WARN_INFINITE_RECURSION = YES;
				CLANG_WARN_INT_CONVERSION = YES;
				CLANG_WARN_NON_LITERAL_NULL_CONVERSION = YES;
				CLANG_WARN_OBJC_IMPLICIT_RETAIN_SELF = YES;
				CLANG_WARN_OBJC_LITERAL_CONVERSION = YES;
				CLANG_WARN_OBJC_ROOT_CLASS = YES_ERROR;
				CLANG_WARN_QUOTED_INCLUDE_IN_FRAMEWORK_HEADER = YES;
				CLANG_WARN_RANGE_LOOP_ANALYSIS = YES;
				CLANG_WARN_STRICT_PROTOTYPES = YES;
				CLANG_WARN_SUSPICIOUS_MOVE = YES;
				CLANG_WARN_UNGUARDED_AVAILABILITY = YES_AGGRESSIVE;
				CLANG_WARN_UNREACHABLE_CODE = YES;
				CLANG_WARN__DUPLICATE_METHOD_MATCH = YES;
				COPY_PHASE_STRIP = NO;
				DEBUG_INFORMATION_FORMAT = dwarf;
				ENABLE_STRICT_OBJC_MSGSEND = YES;
				ENABLE_TESTABILITY = YES;
				GCC_C_LANGUAGE_STANDARD = gnu11;
				GCC_DYNAMIC_NO_PIC = NO;
				GCC_NO_COMMON_BLOCKS = YES;
				GCC_OPTIMIZATION_LEVEL = 0;
				GCC_PREPROCESSOR_DEFINITIONS = (
					"DEBUG=1",
					"$(inherited)",
				);
				GCC_WARN_64_TO_32_BIT_CONVERSION = YES;
				GCC_WARN_ABOUT_RETURN_TYPE = YES_ERROR;
				GCC_WARN_UNDECLARED_SELECTOR = YES;
				GCC_WARN_UNINITIALIZED_AUTOS = YES_AGGRESSIVE;
				GCC_WARN_UNUSED_FUNCTION = YES;
				GCC_WARN_UNUSED_VARIABLE = YES;
				IPHONEOS_DEPLOYMENT_TARGET = 16.0;
				MTL_ENABLE_DEBUG_INFO = INCLUDE_SOURCE;
				MTL_FAST_MATH = YES;
				ONLY_ACTIVE_ARCH = YES;
				SDKROOT = iphoneos;
				SWIFT_ACTIVE_COMPILATION_CONDITIONS = DEBUG;
				SWIFT_OPTIMIZATION_LEVEL = "-Onone";
			};
			name = Debug;
		};
		2702ECCF28FFF7E600DA63C0 /* Release */ = {
			isa = XCBuildConfiguration;
			buildSettings = {
				ALWAYS_SEARCH_USER_PATHS = NO;
				CLANG_ANALYZER_NONNULL = YES;
				CLANG_ANALYZER_NUMBER_OBJECT_CONVERSION = YES_AGGRESSIVE;
				CLANG_CXX_LANGUAGE_STANDARD = "gnu++20";
				CLANG_ENABLE_MODULES = YES;
				CLANG_ENABLE_OBJC_ARC = YES;
				CLANG_ENABLE_OBJC_WEAK = YES;
				CLANG_WARN_BLOCK_CAPTURE_AUTORELEASING = YES;
				CLANG_WARN_BOOL_CONVERSION = YES;
				CLANG_WARN_COMMA = YES;
				CLANG_WARN_CONSTANT_CONVERSION = YES;
				CLANG_WARN_DEPRECATED_OBJC_IMPLEMENTATIONS = YES;
				CLANG_WARN_DIRECT_OBJC_ISA_USAGE = YES_ERROR;
				CLANG_WARN_DOCUMENTATION_COMMENTS = YES;
				CLANG_WARN_EMPTY_BODY = YES;
				CLANG_WARN_ENUM_CONVERSION = YES;
				CLANG_WARN_INFINITE_RECURSION = YES;
				CLANG_WARN_INT_CONVERSION = YES;
				CLANG_WARN_NON_LITERAL_NULL_CONVERSION = YES;
				CLANG_WARN_OBJC_IMPLICIT_RETAIN_SELF = YES;
				CLANG_WARN_OBJC_LITERAL_CONVERSION = YES;
				CLANG_WARN_OBJC_ROOT_CLASS = YES_ERROR;
				CLANG_WARN_QUOTED_INCLUDE_IN_FRAMEWORK_HEADER = YES;
				CLANG_WARN_RANGE_LOOP_ANALYSIS = YES;
				CLANG_WARN_STRICT_PROTOTYPES = YES;
				CLANG_WARN_SUSPICIOUS_MOVE = YES;
				CLANG_WARN_UNGUARDED_AVAILABILITY = YES_AGGRESSIVE;
				CLANG_WARN_UNREACHABLE_CODE = YES;
				CLANG_WARN__DUPLICATE_METHOD_MATCH = YES;
				COPY_PHASE_STRIP = NO;
				DEBUG_INFORMATION_FORMAT = "dwarf-with-dsym";
				ENABLE_NS_ASSERTIONS = NO;
				ENABLE_STRICT_OBJC_MSGSEND = YES;
				GCC_C_LANGUAGE_STANDARD = gnu11;
				GCC_NO_COMMON_BLOCKS = YES;
				GCC_WARN_64_TO_32_BIT_CONVERSION = YES;
				GCC_WARN_ABOUT_RETURN_TYPE = YES_ERROR;
				GCC_WARN_UNDECLARED_SELECTOR = YES;
				GCC_WARN_UNINITIALIZED_AUTOS = YES_AGGRESSIVE;
				GCC_WARN_UNUSED_FUNCTION = YES;
				GCC_WARN_UNUSED_VARIABLE = YES;
				IPHONEOS_DEPLOYMENT_TARGET = 16.0;
				MTL_ENABLE_DEBUG_INFO = NO;
				MTL_FAST_MATH = YES;
				SDKROOT = iphoneos;
				SWIFT_COMPILATION_MODE = wholemodule;
				SWIFT_OPTIMIZATION_LEVEL = "-O";
				VALIDATE_PRODUCT = YES;
			};
			name = Release;
		};
		2702ECD128FFF7E600DA63C0 /* Debug */ = {
			isa = XCBuildConfiguration;
			buildSettings = {
				ASSETCATALOG_COMPILER_APPICON_NAME = AppIcon;
				ASSETCATALOG_COMPILER_GLOBAL_ACCENT_COLOR_NAME = AccentColor;
				CODE_SIGN_STYLE = Automatic;
				CURRENT_PROJECT_VERSION = 1;
				DEVELOPMENT_ASSET_PATHS = "\"MyAssets/Preview Content\"";
				DEVELOPMENT_TEAM = 2D82KU6U6V;
				ENABLE_PREVIEWS = YES;
				GENERATE_INFOPLIST_FILE = YES;
				INFOPLIST_FILE = MyAssets/Info.plist;
				INFOPLIST_KEY_UIApplicationSceneManifest_Generation = YES;
				INFOPLIST_KEY_UIApplicationSupportsIndirectInputEvents = YES;
				INFOPLIST_KEY_UILaunchScreen_Generation = YES;
				INFOPLIST_KEY_UISupportedInterfaceOrientations_iPad = "UIInterfaceOrientationPortrait UIInterfaceOrientationPortraitUpsideDown UIInterfaceOrientationLandscapeLeft UIInterfaceOrientationLandscapeRight";
				INFOPLIST_KEY_UISupportedInterfaceOrientations_iPhone = "UIInterfaceOrientationPortrait UIInterfaceOrientationLandscapeLeft UIInterfaceOrientationLandscapeRight";
				LD_RUNPATH_SEARCH_PATHS = (
					"$(inherited)",
					"@executable_path/Frameworks",
				);
				MARKETING_VERSION = 1.0;
				PRODUCT_BUNDLE_IDENTIFIER = com.joyworld.MyAssets;
				PRODUCT_NAME = "$(TARGET_NAME)";
				SWIFT_EMIT_LOC_STRINGS = YES;
				SWIFT_VERSION = 5.0;
				TARGETED_DEVICE_FAMILY = "1,2";
			};
			name = Debug;
		};
		2702ECD228FFF7E600DA63C0 /* Release */ = {
			isa = XCBuildConfiguration;
			buildSettings = {
				ASSETCATALOG_COMPILER_APPICON_NAME = AppIcon;
				ASSETCATALOG_COMPILER_GLOBAL_ACCENT_COLOR_NAME = AccentColor;
				CODE_SIGN_STYLE = Automatic;
				CURRENT_PROJECT_VERSION = 1;
				DEVELOPMENT_ASSET_PATHS = "\"MyAssets/Preview Content\"";
				DEVELOPMENT_TEAM = 2D82KU6U6V;
				ENABLE_PREVIEWS = YES;
				GENERATE_INFOPLIST_FILE = YES;
				INFOPLIST_FILE = MyAssets/Info.plist;
				INFOPLIST_KEY_UIApplicationSceneManifest_Generation = YES;
				INFOPLIST_KEY_UIApplicationSupportsIndirectInputEvents = YES;
				INFOPLIST_KEY_UILaunchScreen_Generation = YES;
				INFOPLIST_KEY_UISupportedInterfaceOrientations_iPad = "UIInterfaceOrientationPortrait UIInterfaceOrientationPortraitUpsideDown UIInterfaceOrientationLandscapeLeft UIInterfaceOrientationLandscapeRight";
				INFOPLIST_KEY_UISupportedInterfaceOrientations_iPhone = "UIInterfaceOrientationPortrait UIInterfaceOrientationLandscapeLeft UIInterfaceOrientationLandscapeRight";
				LD_RUNPATH_SEARCH_PATHS = (
					"$(inherited)",
					"@executable_path/Frameworks",
				);
				MARKETING_VERSION = 1.0;
				PRODUCT_BUNDLE_IDENTIFIER = com.joyworld.MyAssets;
				PRODUCT_NAME = "$(TARGET_NAME)";
				SWIFT_EMIT_LOC_STRINGS = YES;
				SWIFT_VERSION = 5.0;
				TARGETED_DEVICE_FAMILY = "1,2";
			};
			name = Release;
		};
/* End XCBuildConfiguration section */

/* Begin XCConfigurationList section */
		2702ECBD28FFF7E500DA63C0 /* Build configuration list for PBXProject "MyAssets" */ = {
			isa = XCConfigurationList;
			buildConfigurations = (
				2702ECCE28FFF7E600DA63C0 /* Debug */,
				2702ECCF28FFF7E600DA63C0 /* Release */,
			);
			defaultConfigurationIsVisible = 0;
			defaultConfigurationName = Release;
		};
		2702ECD028FFF7E600DA63C0 /* Build configuration list for PBXNativeTarget "MyAssets" */ = {
			isa = XCConfigurationList;
			buildConfigurations = (
				2702ECD128FFF7E600DA63C0 /* Debug */,
				2702ECD228FFF7E600DA63C0 /* Release */,
			);
			defaultConfigurationIsVisible = 0;
			defaultConfigurationName = Release;
		};
/* End XCConfigurationList section */
	};
	rootObject = 2702ECBA28FFF7E500DA63C0 /* Project object */;
}
